
Microsoft Visual Studio Solution File, Format Version 12.00
# Visual Studio Version 17
VisualStudioVersion = 17.0.31903.59
MinimumVisualStudioVersion = 10.0.40219.1
Project("{FAE04EC0-301F-11D3-BF4B-00C04F79EFBC}") = "Klasa_String", "Klasa_String.csproj", "{DA314230-3AEA-429F-9A35-984639A6EAF0}"
EndProject
Global
	GlobalSection(SolutionConfigurationPlatforms) = preSolution
		Debug|Any CPU = Debug|Any CPU
		Release|Any CPU = Release|Any CPU
	EndGlobalSection
	GlobalSection(ProjectConfigurationPlatforms) = postSolution
		{DA314230-3AEA-429F-9A35-984639A6EAF0}.Debug|Any CPU.ActiveCfg = Debug|Any CPU
		{DA314230-3AEA-429F-9A35-984639A6EAF0}.Debug|Any CPU.Build.0 = Debug|Any CPU
		{DA314230-3AEA-429F-9A35-984639A6EAF0}.Release|Any CPU.ActiveCfg = Release|Any CPU
		{DA314230-3AEA-429F-9A35-984639A6EAF0}.Release|Any CPU.Build.0 = Release|Any CPU
	EndGlobalSection
	GlobalSection(SolutionProperties) = preSolution
		HideSolutionNode = FALSE
	EndGlobalSection
	GlobalSection(ExtensibilityGlobals) = postSolution
		SolutionGuid = {F2063A10-ED58-4067-9F82-DD824A97C9D0}
	EndGlobalSection
EndGlobal
